dependencies:
- name: redis
  repository: https://charts.bitnami.com/bitnami
  version: 17.17.1
- name: common
  repository: https://charts.bitnami.com/bitnami
  version: 2.31.4
digest: sha256:5d99c01b806884b8dc882f32801dad59ea5bc830868524381da58ba6091a532b
generated: "2025-09-13T18:15:41.175123+07:00"
